
Microsoft Visual Studio Solution File, Format Version 12.00
# Visual Studio Version 17
VisualStudioVersion = 17.1.32210.238
MinimumVisualStudioVersion = 10.0.40219.1
Project("{9A19103F-16F7-4668-BE54-9A1E7A4F7556}") = "BusTicketsOffice", "WinFormsApp1\BusTicketsOffice.csproj", "{DE6EF1C0-3227-4D18-AD65-1EA867BB230A}"
EndProject
Global
	GlobalSection(SolutionConfigurationPlatforms) = preSolution
		Debug|Any CPU = Debug|Any CPU
		Release|Any CPU = Release|Any CPU
	EndGlobalSection
	GlobalSection(ProjectConfigurationPlatforms) = postSolution
		{DE6EF1C0-3227-4D18-AD65-1EA867BB230A}.Debug|Any CPU.ActiveCfg = Release|Any CPU
		{DE6EF1C0-3227-4D18-AD65-1EA867BB230A}.Debug|Any CPU.Build.0 = Release|Any CPU
		{DE6EF1C0-3227-4D18-AD65-1EA867BB230A}.Release|Any CPU.ActiveCfg = Release|Any CPU
		{DE6EF1C0-3227-4D18-AD65-1EA867BB230A}.Release|Any CPU.Build.0 = Release|Any CPU
	EndGlobalSection
	GlobalSection(SolutionProperties) = preSolution
		HideSolutionNode = FALSE
	EndGlobalSection
	GlobalSection(ExtensibilityGlobals) = postSolution
		SolutionGuid = {67C20D6A-8D73-45B1-8F4E-C341C2A8AE9D}
	EndGlobalSection
EndGlobal
